{
  "name": "Club-Baloncesto-Los-Alcores-FRF",
  "lockfileVersion": 3,
  "requires": true,
  "packages": {
    "": {
      "dependencies": {
        "jwt-decode": "^4.0.0",
        "swiper": "^11.2.8"
      }
    },
    "node_modules/jwt-decode": {
      "version": "4.0.0",
      "resolved": "https://registry.npmjs.org/jwt-decode/-/jwt-decode-4.0.0.tgz",
      "integrity": "sha512-+KJGIyHgkGuIq3IEBNftfhW/LfWhXUIY6OmyVWjliu5KH1y0fw7VQ8YndE2O4qZdMSd9SqbnC8GOcZEy0Om7sA==",
      "license": "MIT",
      "engines": {
        "node": ">=18"
      }
    },
    "node_modules/swiper": {
      "version": "11.2.8",
      "resolved": "https://registry.npmjs.org/swiper/-/swiper-11.2.8.tgz",
      "integrity": "sha512-S5FVf6zWynPWooi7pJ7lZhSUe2snTzqLuUzbd5h5PHUOhzgvW0bLKBd2wv0ixn6/5o9vwc/IkQT74CRcLJQzeg==",
      "funding": [
        {
          "type": "patreon",
          "url": "https://www.patreon.com/swiperjs"
        },
        {
          "type": "open_collective",
          "url": "http://opencollective.com/swiper"
        }
      ],
      "license": "MIT",
      "engines": {
        "node": ">= 4.7.0"
      }
    }
  }
}
